
Microsoft Visual Studio Solution File, Format Version 12.00
# Visual Studio Version 16
VisualStudioVersion = 16.0.31005.135
MinimumVisualStudioVersion = 10.0.40219.1
Project("{FAE04EC0-301F-11D3-BF4B-00C04F79EFBC}") = "WebApplication2", "WebApplication2\WebApplication2.csproj", "{C15979EE-FC86-451E-874C-C4AADBBC66EB}"
EndProject
Global
	GlobalSection(SolutionConfigurationPlatforms) = preSolution
		Debug|Any CPU = Debug|Any CPU
		Release|Any CPU = Release|Any CPU
	EndGlobalSection
	GlobalSection(ProjectConfigurationPlatforms) = postSolution
		{C15979EE-FC86-451E-874C-C4AADBBC66EB}.Debug|Any CPU.ActiveCfg = Debug|Any CPU
		{C15979EE-FC86-451E-874C-C4AADBBC66EB}.Debug|Any CPU.Build.0 = Debug|Any CPU
		{C15979EE-FC86-451E-874C-C4AADBBC66EB}.Release|Any CPU.ActiveCfg = Release|Any CPU
		{C15979EE-FC86-451E-874C-C4AADBBC66EB}.Release|Any CPU.Build.0 = Release|Any CPU
	EndGlobalSection
	GlobalSection(SolutionProperties) = preSolution
		HideSolutionNode = FALSE
	EndGlobalSection
	GlobalSection(ExtensibilityGlobals) = postSolution
		SolutionGuid = {6C23CF4D-FDCE-4D91-BE5A-2B8E3B1ED1D1}
	EndGlobalSection
EndGlobal
